// !$*UTF8*$!
{
	archiveVersion = 1;
	classes = {
	};
	objectVersion = 56;
	objects = {

/* Begin PBXBuildFile section */
		4E58D509DD2FBFB7FDB13D14 /* Pods_Uber.framework in Frameworks */ = {isa = PBXBuildFile; fileRef = EFDF56AC3BAF13B995825A53 /* Pods_Uber.framework */; };
		6E624B8F2B73C8D20068723E /* AppDelegate.swift in Sources */ = {isa = PBXBuildFile; fileRef = 6E624B8E2B73C8D20068723E /* AppDelegate.swift */; };
		6E624B912B73C8D20068723E /* SceneDelegate.swift in Sources */ = {isa = PBXBuildFile; fileRef = 6E624B902B73C8D20068723E /* SceneDelegate.swift */; };
		6E624B932B73C8D20068723E /* ViewController.swift in Sources */ = {isa = PBXBuildFile; fileRef = 6E624B922B73C8D20068723E /* ViewController.swift */; };
		6E624B962B73C8D20068723E /* Main.storyboard in Resources */ = {isa = PBXBuildFile; fileRef = 6E624B942B73C8D20068723E /* Main.storyboard */; };
		6E624B982B73C8D50068723E /* Assets.xcassets in Resources */ = {isa = PBXBuildFile; fileRef = 6E624B972B73C8D50068723E /* Assets.xcassets */; };
		6E624B9B2B73C8D50068723E /* LaunchScreen.storyboard in Resources */ = {isa = PBXBuildFile; fileRef = 6E624B992B73C8D50068723E /* LaunchScreen.storyboard */; };
		6E689BE22B73CDED00AC0813 /* HomeController.swift in Sources */ = {isa = PBXBuildFile; fileRef = 6E689BDF2B73CDED00AC0813 /* HomeController.swift */; };
		6E689BE32B73CDED00AC0813 /* SignUpController.swift in Sources */ = {isa = PBXBuildFile; fileRef = 6E689BE02B73CDED00AC0813 /* SignUpController.swift */; };
		6E689BE42B73CDED00AC0813 /* LoginController.swift in Sources */ = {isa = PBXBuildFile; fileRef = 6E689BE12B73CDED00AC0813 /* LoginController.swift */; };
		6E689BE72B73CE1800AC0813 /* User.swift in Sources */ = {isa = PBXBuildFile; fileRef = 6E689BE62B73CE1800AC0813 /* User.swift */; };
		6E689BED2B73CE2800AC0813 /* LocationInputActivationView.swift in Sources */ = {isa = PBXBuildFile; fileRef = 6E689BE92B73CE2800AC0813 /* LocationInputActivationView.swift */; };
		6E689BEE2B73CE2800AC0813 /* AuthButton.swift in Sources */ = {isa = PBXBuildFile; fileRef = 6E689BEA2B73CE2800AC0813 /* AuthButton.swift */; };
		6E689BEF2B73CE2800AC0813 /* LocationInputView.swift in Sources */ = {isa = PBXBuildFile; fileRef = 6E689BEB2B73CE2800AC0813 /* LocationInputView.swift */; };
		6E689BF02B73CE2800AC0813 /* LocationCell.swift in Sources */ = {isa = PBXBuildFile; fileRef = 6E689BEC2B73CE2800AC0813 /* LocationCell.swift */; };
		6E689BF32B73CE3B00AC0813 /* Service.swift in Sources */ = {isa = PBXBuildFile; fileRef = 6E689BF22B73CE3B00AC0813 /* Service.swift */; };
		6E689BF52B73CE6B00AC0813 /* GoogleService-Info.plist in Resources */ = {isa = PBXBuildFile; fileRef = 6E689BF42B73CE6B00AC0813 /* GoogleService-Info.plist */; };
		6E689BF92B73CEA200AC0813 /* Color+Extension.swift in Sources */ = {isa = PBXBuildFile; fileRef = 6E689BF72B73CEA200AC0813 /* Color+Extension.swift */; };
		6E689BFA2B73CEA200AC0813 /* Extensions.swift in Sources */ = {isa = PBXBuildFile; fileRef = 6E689BF82B73CEA200AC0813 /* Extensions.swift */; };
/* End PBXBuildFile section */

/* Begin PBXFileReference section */
		0C73B1BBF496CA21C781D4B1 /* Pods-Uber.release.xcconfig */ = {isa = PBXFileReference; includeInIndex = 1; lastKnownFileType = text.xcconfig; name = "Pods-Uber.release.xcconfig"; path = "Target Support Files/Pods-Uber/Pods-Uber.release.xcconfig"; sourceTree = "<group>"; };
		3FDE6FEF7E9290E0B58F7EC6 /* Pods-Uber.debug.xcconfig */ = {isa = PBXFileReference; includeInIndex = 1; lastKnownFileType = text.xcconfig; name = "Pods-Uber.debug.xcconfig"; path = "Target Support Files/Pods-Uber/Pods-Uber.debug.xcconfig"; sourceTree = "<group>"; };
		6E624B8B2B73C8D20068723E /* Uber.app */ = {isa = PBXFileReference; explicitFileType = wrapper.application; includeInIndex = 0; path = Uber.app; sourceTree = BUILT_PRODUCTS_DIR; };
		6E624B8E2B73C8D20068723E /* AppDelegate.swift */ = {isa = PBXFileReference; lastKnownFileType = sourcecode.swift; path = AppDelegate.swift; sourceTree = "<group>"; };
		6E624B902B73C8D20068723E /* SceneDelegate.swift */ = {isa = PBXFileReference; lastKnownFileType = sourcecode.swift; path = SceneDelegate.swift; sourceTree = "<group>"; };
		6E624B922B73C8D20068723E /* ViewController.swift */ = {isa = PBXFileReference; lastKnownFileType = sourcecode.swift; path = ViewController.swift; sourceTree = "<group>"; };
		6E624B952B73C8D20068723E /* Base */ = {isa = PBXFileReference; lastKnownFileType = file.storyboard; name = Base; path = Base.lproj/Main.storyboard; sourceTree = "<group>"; };
		6E624B972B73C8D50068723E /* Assets.xcassets */ = {isa = PBXFileReference; lastKnownFileType = folder.assetcatalog; path = Assets.xcassets; sourceTree = "<group>"; };
		6E624B9A2B73C8D50068723E /* Base */ = {isa = PBXFileReference; lastKnownFileType = file.storyboard; name = Base; path = Base.lproj/LaunchScreen.storyboard; sourceTree = "<group>"; };
		6E624B9C2B73C8D50068723E /* Info.plist */ = {isa = PBXFileReference; lastKnownFileType = text.plist.xml; path = Info.plist; sourceTree = "<group>"; };
		6E689BDF2B73CDED00AC0813 /* HomeController.swift */ = {isa = PBXFileReference; fileEncoding = 4; lastKnownFileType = sourcecode.swift; path = HomeController.swift; sourceTree = "<group>"; };
		6E689BE02B73CDED00AC0813 /* SignUpController.swift */ = {isa = PBXFileReference; fileEncoding = 4; lastKnownFileType = sourcecode.swift; path = SignUpController.swift; sourceTree = "<group>"; };
		6E689BE12B73CDED00AC0813 /* LoginController.swift */ = {isa = PBXFileReference; fileEncoding = 4; lastKnownFileType = sourcecode.swift; path = LoginController.swift; sourceTree = "<group>"; };
		6E689BE62B73CE1800AC0813 /* User.swift */ = {isa = PBXFileReference; fileEncoding = 4; lastKnownFileType = sourcecode.swift; path = User.swift; sourceTree = "<group>"; };
		6E689BE92B73CE2800AC0813 /* LocationInputActivationView.swift */ = {isa = PBXFileReference; fileEncoding = 4; lastKnownFileType = sourcecode.swift; path = LocationInputActivationView.swift; sourceTree = "<group>"; };
		6E689BEA2B73CE2800AC0813 /* AuthButton.swift */ = {isa = PBXFileReference; fileEncoding = 4; lastKnownFileType = sourcecode.swift; path = AuthButton.swift; sourceTree = "<group>"; };
		6E689BEB2B73CE2800AC0813 /* LocationInputView.swift */ = {isa = PBXFileReference; fileEncoding = 4; lastKnownFileType = sourcecode.swift; path = LocationInputView.swift; sourceTree = "<group>"; };
		6E689BEC2B73CE2800AC0813 /* LocationCell.swift */ = {isa = PBXFileReference; fileEncoding = 4; lastKnownFileType = sourcecode.swift; path = LocationCell.swift; sourceTree = "<group>"; };
		6E689BF22B73CE3B00AC0813 /* Service.swift */ = {isa = PBXFileReference; fileEncoding = 4; lastKnownFileType = sourcecode.swift; path = Service.swift; sourceTree = "<group>"; };
		6E689BF42B73CE6B00AC0813 /* GoogleService-Info.plist */ = {isa = PBXFileReference; fileEncoding = 4; lastKnownFileType = text.plist.xml; path = "GoogleService-Info.plist"; sourceTree = "<group>"; };
		6E689BF72B73CEA200AC0813 /* Color+Extension.swift */ = {isa = PBXFileReference; fileEncoding = 4; lastKnownFileType = sourcecode.swift; path = "Color+Extension.swift"; sourceTree = "<group>"; };
		6E689BF82B73CEA200AC0813 /* Extensions.swift */ = {isa = PBXFileReference; fileEncoding = 4; lastKnownFileType = sourcecode.swift; path = Extensions.swift; sourceTree = "<group>"; };
		EFDF56AC3BAF13B995825A53 /* Pods_Uber.framework */ = {isa = PBXFileReference; explicitFileType = wrapper.framework; includeInIndex = 0; path = Pods_Uber.framework; sourceTree = BUILT_PRODUCTS_DIR; };
/* End PBXFileReference section */

/* Begin PBXFrameworksBuildPhase section */
		6E624B882B73C8D20068723E /* Frameworks */ = {
			isa = PBXFrameworksBuildPhase;
			buildActionMask = 2147483647;
			files = (
				4E58D509DD2FBFB7FDB13D14 /* Pods_Uber.framework in Frameworks */,
			);
			runOnlyForDeploymentPostprocessing = 0;
		};
/* End PBXFrameworksBuildPhase section */

/* Begin PBXGroup section */
		544F42038BB38715848F3A7F /* Pods */ = {
			isa = PBXGroup;
			children = (
				3FDE6FEF7E9290E0B58F7EC6 /* Pods-Uber.debug.xcconfig */,
				0C73B1BBF496CA21C781D4B1 /* Pods-Uber.release.xcconfig */,
			);
			path = Pods;
			sourceTree = "<group>";
		};
		6E624B822B73C8D20068723E = {
			isa = PBXGroup;
			children = (
				6E624B8D2B73C8D20068723E /* Uber */,
				6E624B8C2B73C8D20068723E /* Products */,
				544F42038BB38715848F3A7F /* Pods */,
				AEC080760B326196ED268ABA /* Frameworks */,
			);
			sourceTree = "<group>";
		};
		6E624B8C2B73C8D20068723E /* Products */ = {
			isa = PBXGroup;
			children = (
				6E624B8B2B73C8D20068723E /* Uber.app */,
			);
			name = Products;
			sourceTree = "<group>";
		};
		6E624B8D2B73C8D20068723E /* Uber */ = {
			isa = PBXGroup;
			children = (
				6E689BF62B73CE9300AC0813 /* Utils */,
				6E689BF12B73CE3200AC0813 /* Service */,
				6E689BE82B73CE1E00AC0813 /* View */,
				6E689BE52B73CDFE00AC0813 /* Models */,
				6E689BDE2B73CDDC00AC0813 /* Controllers */,
				6E624B8E2B73C8D20068723E /* AppDelegate.swift */,
				6E624B902B73C8D20068723E /* SceneDelegate.swift */,
				6E624B922B73C8D20068723E /* ViewController.swift */,
				6E624B942B73C8D20068723E /* Main.storyboard */,
				6E624B972B73C8D50068723E /* Assets.xcassets */,
				6E624B992B73C8D50068723E /* LaunchScreen.storyboard */,
				6E624B9C2B73C8D50068723E /* Info.plist */,
				6E689BF42B73CE6B00AC0813 /* GoogleService-Info.plist */,
			);
			path = Uber;
			sourceTree = "<group>";
		};
		6E689BDE2B73CDDC00AC0813 /* Controllers */ = {
			isa = PBXGroup;
			children = (
				6E689BDF2B73CDED00AC0813 /* HomeController.swift */,
				6E689BE12B73CDED00AC0813 /* LoginController.swift */,
				6E689BE02B73CDED00AC0813 /* SignUpController.swift */,
			);
			path = Controllers;
			sourceTree = "<group>";
		};
		6E689BE52B73CDFE00AC0813 /* Models */ = {
			isa = PBXGroup;
			children = (
				6E689BE62B73CE1800AC0813 /* User.swift */,
			);
			path = Models;
			sourceTree = "<group>";
		};
		6E689BE82B73CE1E00AC0813 /* View */ = {
			isa = PBXGroup;
			children = (
				6E689BEA2B73CE2800AC0813 /* AuthButton.swift */,
				6E689BEC2B73CE2800AC0813 /* LocationCell.swift */,
				6E689BE92B73CE2800AC0813 /* LocationInputActivationView.swift */,
				6E689BEB2B73CE2800AC0813 /* LocationInputView.swift */,
			);
			path = View;
			sourceTree = "<group>";
		};
		6E689BF12B73CE3200AC0813 /* Service */ = {
			isa = PBXGroup;
			children = (
				6E689BF22B73CE3B00AC0813 /* Service.swift */,
			);
			path = Service;
			sourceTree = "<group>";
		};
		6E689BF62B73CE9300AC0813 /* Utils */ = {
			isa = PBXGroup;
			children = (
				6E689BF72B73CEA200AC0813 /* Color+Extension.swift */,
				6E689BF82B73CEA200AC0813 /* Extensions.swift */,
			);
			path = Utils;
			sourceTree = "<group>";
		};
		AEC080760B326196ED268ABA /* Frameworks */ = {
			isa = PBXGroup;
			children = (
				EFDF56AC3BAF13B995825A53 /* Pods_Uber.framework */,
			);
			name = Frameworks;
			sourceTree = "<group>";
		};
/* End PBXGroup section */

/* Begin PBXNativeTarget section */
		6E624B8A2B73C8D20068723E /* Uber */ = {
			isa = PBXNativeTarget;
			buildConfigurationList = 6E624B9F2B73C8D50068723E /* Build configuration list for PBXNativeTarget "Uber" */;
			buildPhases = (
				1FC665BFFFFD27E453B3D3BC /* [CP] Check Pods Manifest.lock */,
				6E624B872B73C8D20068723E /* Sources */,
				6E624B882B73C8D20068723E /* Frameworks */,
				6E624B892B73C8D20068723E /* Resources */,
				D13A44DEC6D69C05F4900E90 /* [CP] Embed Pods Frameworks */,
			);
			buildRules = (
			);
			dependencies = (
			);
			name = Uber;
			productName = Uber;
			productReference = 6E624B8B2B73C8D20068723E /* Uber.app */;
			productType = "com.apple.product-type.application";
		};
/* End PBXNativeTarget section */

/* Begin PBXProject section */
		6E624B832B73C8D20068723E /* Project object */ = {
			isa = PBXProject;
			attributes = {
				BuildIndependentTargetsInParallel = 1;
				LastSwiftUpdateCheck = 1430;
				LastUpgradeCheck = 1430;
				TargetAttributes = {
					6E624B8A2B73C8D20068723E = {
						CreatedOnToolsVersion = 14.3.1;
					};
				};
			};
			buildConfigurationList = 6E624B862B73C8D20068723E /* Build configuration list for PBXProject "Uber" */;
			compatibilityVersion = "Xcode 14.0";
			developmentRegion = en;
			hasScannedForEncodings = 0;
			knownRegions = (
				en,
				Base,
			);
			mainGroup = 6E624B822B73C8D20068723E;
			productRefGroup = 6E624B8C2B73C8D20068723E /* Products */;
			projectDirPath = "";
			projectRoot = "";
			targets = (
				6E624B8A2B73C8D20068723E /* Uber */,
			);
		};
/* End PBXProject section */

/* Begin PBXResourcesBuildPhase section */
		6E624B892B73C8D20068723E /* Resources */ = {
			isa = PBXResourcesBuildPhase;
			buildActionMask = 2147483647;
			files = (
				6E624B9B2B73C8D50068723E /* LaunchScreen.storyboard in Resources */,
				6E689BF52B73CE6B00AC0813 /* GoogleService-Info.plist in Resources */,
				6E624B982B73C8D50068723E /* Assets.xcassets in Resources */,
				6E624B962B73C8D20068723E /* Main.storyboard in Resources */,
			);
			runOnlyForDeploymentPostprocessing = 0;
		};
/* End PBXResourcesBuildPhase section */

/* Begin PBXShellScriptBuildPhase section */
		1FC665BFFFFD27E453B3D3BC /* [CP] Check Pods Manifest.lock */ = {
			isa = PBXShellScriptBuildPhase;
			buildActionMask = 2147483647;
			files = (
			);
			inputFileListPaths = (
			);
			inputPaths = (
				"${PODS_PODFILE_DIR_PATH}/Podfile.lock",
				"${PODS_ROOT}/Manifest.lock",
			);
			name = "[CP] Check Pods Manifest.lock";
			outputFileListPaths = (
			);
			outputPaths = (
				"$(DERIVED_FILE_DIR)/Pods-Uber-checkManifestLockResult.txt",
			);
			runOnlyForDeploymentPostprocessing = 0;
			shellPath = /bin/sh;
			shellScript = "diff \"${PODS_PODFILE_DIR_PATH}/Podfile.lock\" \"${PODS_ROOT}/Manifest.lock\" > /dev/null\nif [ $? != 0 ] ; then\n    # print error to STDERR\n    echo \"error: The sandbox is not in sync with the Podfile.lock. Run 'pod install' or update your CocoaPods installation.\" >&2\n    exit 1\nfi\n# This output is used by Xcode 'outputs' to avoid re-running this script phase.\necho \"SUCCESS\" > \"${SCRIPT_OUTPUT_FILE_0}\"\n";
			showEnvVarsInLog = 0;
		};
		D13A44DEC6D69C05F4900E90 /* [CP] Embed Pods Frameworks */ = {
			isa = PBXShellScriptBuildPhase;
			buildActionMask = 2147483647;
			files = (
			);
			inputFileListPaths = (
				"${PODS_ROOT}/Target Support Files/Pods-Uber/Pods-Uber-frameworks-${CONFIGURATION}-input-files.xcfilelist",
			);
			name = "[CP] Embed Pods Frameworks";
			outputFileListPaths = (
				"${PODS_ROOT}/Target Support Files/Pods-Uber/Pods-Uber-frameworks-${CONFIGURATION}-output-files.xcfilelist",
			);
			runOnlyForDeploymentPostprocessing = 0;
			shellPath = /bin/sh;
			shellScript = "\"${PODS_ROOT}/Target Support Files/Pods-Uber/Pods-Uber-frameworks.sh\"\n";
			showEnvVarsInLog = 0;
		};
/* End PBXShellScriptBuildPhase section */

/* Begin PBXSourcesBuildPhase section */
		6E624B872B73C8D20068723E /* Sources */ = {
			isa = PBXSourcesBuildPhase;
			buildActionMask = 2147483647;
			files = (
				6E689BE32B73CDED00AC0813 /* SignUpController.swift in Sources */,
				6E689BEE2B73CE2800AC0813 /* AuthButton.swift in Sources */,
				6E689BE42B73CDED00AC0813 /* LoginController.swift in Sources */,
				6E689BE22B73CDED00AC0813 /* HomeController.swift in Sources */,
				6E689BEF2B73CE2800AC0813 /* LocationInputView.swift in Sources */,
				6E689BF32B73CE3B00AC0813 /* Service.swift in Sources */,
				6E624B932B73C8D20068723E /* ViewController.swift in Sources */,
				6E689BF02B73CE2800AC0813 /* LocationCell.swift in Sources */,
				6E624B8F2B73C8D20068723E /* AppDelegate.swift in Sources */,
				6E624B912B73C8D20068723E /* SceneDelegate.swift in Sources */,
				6E689BED2B73CE2800AC0813 /* LocationInputActivationView.swift in Sources */,
				6E689BE72B73CE1800AC0813 /* User.swift in Sources */,
				6E689BF92B73CEA200AC0813 /* Color+Extension.swift in Sources */,
				6E689BFA2B73CEA200AC0813 /* Extensions.swift in Sources */,
			);
			runOnlyForDeploymentPostprocessing = 0;
		};
/* End PBXSourcesBuildPhase section */

/* Begin PBXVariantGroup section */
		6E624B942B73C8D20068723E /* Main.storyboard */ = {
			isa = PBXVariantGroup;
			children = (
				6E624B952B73C8D20068723E /* Base */,
			);
			name = Main.storyboard;
			sourceTree = "<group>";
		};
		6E624B992B73C8D50068723E /* LaunchScreen.storyboard */ = {
			isa = PBXVariantGroup;
			children = (
				6E624B9A2B73C8D50068723E /* Base */,
			);
			name = LaunchScreen.storyboard;
			sourceTree = "<group>";
		};
/* End PBXVariantGroup section */

/* Begin XCBuildConfiguration section */
		6E624B9D2B73C8D50068723E /* Debug */ = {
			isa = XCBuildConfiguration;
			buildSettings = {
				ALWAYS_SEARCH_USER_PATHS = NO;
				CLANG_ANALYZER_NONNULL = YES;
				CLANG_ANALYZER_NUMBER_OBJECT_CONVERSION = YES_AGGRESSIVE;
				CLANG_CXX_LANGUAGE_STANDARD = "gnu++20";
				CLANG_ENABLE_MODULES = YES;
				CLANG_ENABLE_OBJC_ARC = YES;
				CLANG_ENABLE_OBJC_WEAK = YES;
				CLANG_WARN_BLOCK_CAPTURE_AUTORELEASING = YES;
				CLANG_WARN_BOOL_CONVERSION = YES;
				CLANG_WARN_COMMA = YES;
				CLANG_WARN_CONSTANT_CONVERSION = YES;
				CLANG_WARN_DEPRECATED_OBJC_IMPLEMENTATIONS = YES;
				CLANG_WARN_DIRECT_OBJC_ISA_USAGE = YES_ERROR;
				CLANG_WARN_DOCUMENTATION_COMMENTS = YES;
				CLANG_WARN_EMPTY_BODY = YES;
				CLANG_WARN_ENUM_CONVERSION = YES;
				CLANG_WARN_INFINITE_RECURSION = YES;
				CLANG_WARN_INT_CONVERSION = YES;
				CLANG_WARN_NON_LITERAL_NULL_CONVERSION = YES;
				CLANG_WARN_OBJC_IMPLICIT_RETAIN_SELF = YES;
				CLANG_WARN_OBJC_LITERAL_CONVERSION = YES;
				CLANG_WARN_OBJC_ROOT_CLASS = YES_ERROR;
				CLANG_WARN_QUOTED_INCLUDE_IN_FRAMEWORK_HEADER = YES;
				CLANG_WARN_RANGE_LOOP_ANALYSIS = YES;
				CLANG_WARN_STRICT_PROTOTYPES = YES;
				CLANG_WARN_SUSPICIOUS_MOVE = YES;
				CLANG_WARN_UNGUARDED_AVAILABILITY = YES_AGGRESSIVE;
				CLANG_WARN_UNREACHABLE_CODE = YES;
				CLANG_WARN__DUPLICATE_METHOD_MATCH = YES;
				COPY_PHASE_STRIP = NO;
				DEBUG_INFORMATION_FORMAT = dwarf;
				ENABLE_STRICT_OBJC_MSGSEND = YES;
				ENABLE_TESTABILITY = YES;
				GCC_C_LANGUAGE_STANDARD = gnu11;
				GCC_DYNAMIC_NO_PIC = NO;
				GCC_NO_COMMON_BLOCKS = YES;
				GCC_OPTIMIZATION_LEVEL = 0;
				GCC_PREPROCESSOR_DEFINITIONS = (
					"DEBUG=1",
					"$(inherited)",
				);
				GCC_WARN_64_TO_32_BIT_CONVERSION = YES;
				GCC_WARN_ABOUT_RETURN_TYPE = YES_ERROR;
				GCC_WARN_UNDECLARED_SELECTOR = YES;
				GCC_WARN_UNINITIALIZED_AUTOS = YES_AGGRESSIVE;
				GCC_WARN_UNUSED_FUNCTION = YES;
				GCC_WARN_UNUSED_VARIABLE = YES;
				IPHONEOS_DEPLOYMENT_TARGET = 16.4;
				MTL_ENABLE_DEBUG_INFO = INCLUDE_SOURCE;
				MTL_FAST_MATH = YES;
				ONLY_ACTIVE_ARCH = YES;
				SDKROOT = iphoneos;
				SWIFT_ACTIVE_COMPILATION_CONDITIONS = DEBUG;
				SWIFT_OPTIMIZATION_LEVEL = "-Onone";
			};
			name = Debug;
		};
		6E624B9E2B73C8D50068723E /* Release */ = {
			isa = XCBuildConfiguration;
			buildSettings = {
				ALWAYS_SEARCH_USER_PATHS = NO;
				CLANG_ANALYZER_NONNULL = YES;
				CLANG_ANALYZER_NUMBER_OBJECT_CONVERSION = YES_AGGRESSIVE;
				CLANG_CXX_LANGUAGE_STANDARD = "gnu++20";
				CLANG_ENABLE_MODULES = YES;
				CLANG_ENABLE_OBJC_ARC = YES;
				CLANG_ENABLE_OBJC_WEAK = YES;
				CLANG_WARN_BLOCK_CAPTURE_AUTORELEASING = YES;
				CLANG_WARN_BOOL_CONVERSION = YES;
				CLANG_WARN_COMMA = YES;
				CLANG_WARN_CONSTANT_CONVERSION = YES;
				CLANG_WARN_DEPRECATED_OBJC_IMPLEMENTATIONS = YES;
				CLANG_WARN_DIRECT_OBJC_ISA_USAGE = YES_ERROR;
				CLANG_WARN_DOCUMENTATION_COMMENTS = YES;
				CLANG_WARN_EMPTY_BODY = YES;
				CLANG_WARN_ENUM_CONVERSION = YES;
				CLANG_WARN_INFINITE_RECURSION = YES;
				CLANG_WARN_INT_CONVERSION = YES;
				CLANG_WARN_NON_LITERAL_NULL_CONVERSION = YES;
				CLANG_WARN_OBJC_IMPLICIT_RETAIN_SELF = YES;
				CLANG_WARN_OBJC_LITERAL_CONVERSION = YES;
				CLANG_WARN_OBJC_ROOT_CLASS = YES_ERROR;
				CLANG_WARN_QUOTED_INCLUDE_IN_FRAMEWORK_HEADER = YES;
				CLANG_WARN_RANGE_LOOP_ANALYSIS = YES;
				CLANG_WARN_STRICT_PROTOTYPES = YES;
				CLANG_WARN_SUSPICIOUS_MOVE = YES;
				CLANG_WARN_UNGUARDED_AVAILABILITY = YES_AGGRESSIVE;
				CLANG_WARN_UNREACHABLE_CODE = YES;
				CLANG_WARN__DUPLICATE_METHOD_MATCH = YES;
				COPY_PHASE_STRIP = NO;
				DEBUG_INFORMATION_FORMAT = "dwarf-with-dsym";
				ENABLE_NS_ASSERTIONS = NO;
				ENABLE_STRICT_OBJC_MSGSEND = YES;
				GCC_C_LANGUAGE_STANDARD = gnu11;
				GCC_NO_COMMON_BLOCKS = YES;
				GCC_WARN_64_TO_32_BIT_CONVERSION = YES;
				GCC_WARN_ABOUT_RETURN_TYPE = YES_ERROR;
				GCC_WARN_UNDECLARED_SELECTOR = YES;
				GCC_WARN_UNINITIALIZED_AUTOS = YES_AGGRESSIVE;
				GCC_WARN_UNUSED_FUNCTION = YES;
				GCC_WARN_UNUSED_VARIABLE = YES;
				IPHONEOS_DEPLOYMENT_TARGET = 16.4;
				MTL_ENABLE_DEBUG_INFO = NO;
				MTL_FAST_MATH = YES;
				SDKROOT = iphoneos;
				SWIFT_COMPILATION_MODE = wholemodule;
				SWIFT_OPTIMIZATION_LEVEL = "-O";
				VALIDATE_PRODUCT = YES;
			};
			name = Release;
		};
		6E624BA02B73C8D50068723E /* Debug */ = {
			isa = XCBuildConfiguration;
			baseConfigurationReference = 3FDE6FEF7E9290E0B58F7EC6 /* Pods-Uber.debug.xcconfig */;
			buildSettings = {
				ASSETCATALOG_COMPILER_APPICON_NAME = AppIcon;
				ASSETCATALOG_COMPILER_GLOBAL_ACCENT_COLOR_NAME = AccentColor;
				CODE_SIGN_STYLE = Automatic;
				CURRENT_PROJECT_VERSION = 1;
				DEVELOPMENT_TEAM = KC9Z5ZJF65;
				GENERATE_INFOPLIST_FILE = YES;
				INFOPLIST_FILE = Uber/Info.plist;
				INFOPLIST_KEY_UIApplicationSupportsIndirectInputEvents = YES;
				INFOPLIST_KEY_UILaunchStoryboardName = LaunchScreen;
				INFOPLIST_KEY_UIMainStoryboardFile = Main;
				INFOPLIST_KEY_UISupportedInterfaceOrientations_iPad = "UIInterfaceOrientationPortrait UIInterfaceOrientationPortraitUpsideDown UIInterfaceOrientationLandscapeLeft UIInterfaceOrientationLandscapeRight";
				INFOPLIST_KEY_UISupportedInterfaceOrientations_iPhone = "UIInterfaceOrientationPortrait UIInterfaceOrientationLandscapeLeft UIInterfaceOrientationLandscapeRight";
				LD_RUNPATH_SEARCH_PATHS = (
					"$(inherited)",
					"@executable_path/Frameworks",
				);
				MARKETING_VERSION = 1.0;
				PRODUCT_BUNDLE_IDENTIFIER = com.uberclone.Uber;
				PRODUCT_NAME = "$(TARGET_NAME)";
				SWIFT_EMIT_LOC_STRINGS = YES;
				SWIFT_VERSION = 5.0;
				TARGETED_DEVICE_FAMILY = "1,2";
			};
			name = Debug;
		};
		6E624BA12B73C8D50068723E /* Release */ = {
			isa = XCBuildConfiguration;
			baseConfigurationReference = 0C73B1BBF496CA21C781D4B1 /* Pods-Uber.release.xcconfig */;
			buildSettings = {
				ASSETCATALOG_COMPILER_APPICON_NAME = AppIcon;
				ASSETCATALOG_COMPILER_GLOBAL_ACCENT_COLOR_NAME = AccentColor;
				CODE_SIGN_STYLE = Automatic;
				CURRENT_PROJECT_VERSION = 1;
				DEVELOPMENT_TEAM = KC9Z5ZJF65;
				GENERATE_INFOPLIST_FILE = YES;
				INFOPLIST_FILE = Uber/Info.plist;
				INFOPLIST_KEY_UIApplicationSupportsIndirectInputEvents = YES;
				INFOPLIST_KEY_UILaunchStoryboardName = LaunchScreen;
				INFOPLIST_KEY_UIMainStoryboardFile = Main;
				INFOPLIST_KEY_UISupportedInterfaceOrientations_iPad = "UIInterfaceOrientationPortrait UIInterfaceOrientationPortraitUpsideDown UIInterfaceOrientationLandscapeLeft UIInterfaceOrientationLandscapeRight";
				INFOPLIST_KEY_UISupportedInterfaceOrientations_iPhone = "UIInterfaceOrientationPortrait UIInterfaceOrientationLandscapeLeft UIInterfaceOrientationLandscapeRight";
				LD_RUNPATH_SEARCH_PATHS = (
					"$(inherited)",
					"@executable_path/Frameworks",
				);
				MARKETING_VERSION = 1.0;
				PRODUCT_BUNDLE_IDENTIFIER = com.uberclone.Uber;
				PRODUCT_NAME = "$(TARGET_NAME)";
				SWIFT_EMIT_LOC_STRINGS = YES;
				SWIFT_VERSION = 5.0;
				TARGETED_DEVICE_FAMILY = "1,2";
			};
			name = Release;
		};
/* End XCBuildConfiguration section */

/* Begin XCConfigurationList section */
		6E624B862B73C8D20068723E /* Build configuration list for PBXProject "Uber" */ = {
			isa = XCConfigurationList;
			buildConfigurations = (
				6E624B9D2B73C8D50068723E /* Debug */,
				6E624B9E2B73C8D50068723E /* Release */,
			);
			defaultConfigurationIsVisible = 0;
			defaultConfigurationName = Release;
		};
		6E624B9F2B73C8D50068723E /* Build configuration list for PBXNativeTarget "Uber" */ = {
			isa = XCConfigurationList;
			buildConfigurations = (
				6E624BA02B73C8D50068723E /* Debug */,
				6E624BA12B73C8D50068723E /* Release */,
			);
			defaultConfigurationIsVisible = 0;
			defaultConfigurationName = Release;
		};
/* End XCConfigurationList section */
	};
	rootObject = 6E624B832B73C8D20068723E /* Project object */;
}
